
Microsoft Visual Studio Solution File, Format Version 12.00
# Visual Studio Version 17
VisualStudioVersion = 17.13.35919.96 d17.13
MinimumVisualStudioVersion = 10.0.40219.1
Project("{FAE04EC0-301F-11D3-BF4B-00C04F79EFBC}") = "Hospital_OPD_Form", "Hospital_OPD_Form\Hospital_OPD_Form.csproj", "{D9E95F33-FFE5-4C03-83B1-F039D2CCF264}"
EndProject
Global
	GlobalSection(SolutionConfigurationPlatforms) = preSolution
		Debug|Any CPU = Debug|Any CPU
		Release|Any CPU = Release|Any CPU
	EndGlobalSection
	GlobalSection(ProjectConfigurationPlatforms) = postSolution
		{D9E95F33-FFE5-4C03-83B1-F039D2CCF264}.Debug|Any CPU.ActiveCfg = Debug|Any CPU
		{D9E95F33-FFE5-4C03-83B1-F039D2CCF264}.Debug|Any CPU.Build.0 = Debug|Any CPU
		{D9E95F33-FFE5-4C03-83B1-F039D2CCF264}.Release|Any CPU.ActiveCfg = Release|Any CPU
		{D9E95F33-FFE5-4C03-83B1-F039D2CCF264}.Release|Any CPU.Build.0 = Release|Any CPU
	EndGlobalSection
	GlobalSection(SolutionProperties) = preSolution
		HideSolutionNode = FALSE
	EndGlobalSection
	GlobalSection(ExtensibilityGlobals) = postSolution
		SolutionGuid = {7B7874DF-552A-4E44-ADF2-012CE1E020B5}
	EndGlobalSection
EndGlobal
